// !$*UTF8*$!
{
	archiveVersion = 1;
	classes = {
	};
	objectVersion = 46;
	objects = {

/* Begin PBXBuildFile section */
		D8CE92DC1F59B2C100D2DAC1 /* AppDelegate.swift in Sources */ = {isa = PBXBuildFile; fileRef = D8CE92DB1F59B2C100D2DAC1 /* AppDelegate.swift */; };
		D8CE92E11F59B2C100D2DAC1 /* Main.storyboard in Resources */ = {isa = PBXBuildFile; fileRef = D8CE92DF1F59B2C100D2DAC1 /* Main.storyboard */; };
		D8CE92E31F59B2C100D2DAC1 /* Assets.xcassets in Resources */ = {isa = PBXBuildFile; fileRef = D8CE92E21F59B2C100D2DAC1 /* Assets.xcassets */; };
		D8CE92E61F59B2C100D2DAC1 /* LaunchScreen.storyboard in Resources */ = {isa = PBXBuildFile; fileRef = D8CE92E41F59B2C100D2DAC1 /* LaunchScreen.storyboard */; };
		D8CE92F21F59B36B00D2DAC1 /* MainTableViewController.swift in Sources */ = {isa = PBXBuildFile; fileRef = D8CE92F11F59B36B00D2DAC1 /* MainTableViewController.swift */; };
		D8CE92F41F59B78D00D2DAC1 /* ItemController.swift in Sources */ = {isa = PBXBuildFile; fileRef = D8CE92F31F59B78D00D2DAC1 /* ItemController.swift */; };
/* End PBXBuildFile section */

/* Begin PBXFileReference section */
		D8CE92D81F59B2C100D2DAC1 /* PairRandomizer.app */ = {isa = PBXFileReference; explicitFileType = wrapper.application; includeInIndex = 0; path = PairRandomizer.app; sourceTree = BUILT_PRODUCTS_DIR; };
		D8CE92DB1F59B2C100D2DAC1 /* AppDelegate.swift */ = {isa = PBXFileReference; lastKnownFileType = sourcecode.swift; path = AppDelegate.swift; sourceTree = "<group>"; };
		D8CE92E01F59B2C100D2DAC1 /* Base */ = {isa = PBXFileReference; lastKnownFileType = file.storyboard; name = Base; path = Base.lproj/Main.storyboard; sourceTree = "<group>"; };
		D8CE92E21F59B2C100D2DAC1 /* Assets.xcassets */ = {isa = PBXFileReference; lastKnownFileType = folder.assetcatalog; path = Assets.xcassets; sourceTree = "<group>"; };
		D8CE92E51F59B2C100D2DAC1 /* Base */ = {isa = PBXFileReference; lastKnownFileType = file.storyboard; name = Base; path = Base.lproj/LaunchScreen.storyboard; sourceTree = "<group>"; };
		D8CE92E71F59B2C100D2DAC1 /* Info.plist */ = {isa = PBXFileReference; lastKnownFileType = text.plist.xml; path = Info.plist; sourceTree = "<group>"; };
		D8CE92F11F59B36B00D2DAC1 /* MainTableViewController.swift */ = {isa = PBXFileReference; fileEncoding = 4; lastKnownFileType = sourcecode.swift; path = MainTableViewController.swift; sourceTree = "<group>"; };
		D8CE92F31F59B78D00D2DAC1 /* ItemController.swift */ = {isa = PBXFileReference; fileEncoding = 4; lastKnownFileType = sourcecode.swift; path = ItemController.swift; sourceTree = "<group>"; };
/* End PBXFileReference section */

/* Begin PBXFrameworksBuildPhase section */
		D8CE92D51F59B2C100D2DAC1 /* Frameworks */ = {
			isa = PBXFrameworksBuildPhase;
			buildActionMask = 2147483647;
			files = (
			);
			runOnlyForDeploymentPostprocessing = 0;
		};
/* End PBXFrameworksBuildPhase section */

/* Begin PBXGroup section */
		D8CE92CF1F59B2C100D2DAC1 = {
			isa = PBXGroup;
			children = (
				D8CE92DA1F59B2C100D2DAC1 /* PairRandomizer */,
				D8CE92D91F59B2C100D2DAC1 /* Products */,
			);
			sourceTree = "<group>";
		};
		D8CE92D91F59B2C100D2DAC1 /* Products */ = {
			isa = PBXGroup;
			children = (
				D8CE92D81F59B2C100D2DAC1 /* PairRandomizer.app */,
			);
			name = Products;
			sourceTree = "<group>";
		};
		D8CE92DA1F59B2C100D2DAC1 /* PairRandomizer */ = {
			isa = PBXGroup;
			children = (
				D8CE92DB1F59B2C100D2DAC1 /* AppDelegate.swift */,
				D8CE92F31F59B78D00D2DAC1 /* ItemController.swift */,
				D8CE92EE1F59B2DE00D2DAC1 /* UI */,
				D8CE92ED1F59B2D000D2DAC1 /* Resources */,
			);
			path = PairRandomizer;
			sourceTree = "<group>";
		};
		D8CE92ED1F59B2D000D2DAC1 /* Resources */ = {
			isa = PBXGroup;
			children = (
				D8CE92E21F59B2C100D2DAC1 /* Assets.xcassets */,
				D8CE92E41F59B2C100D2DAC1 /* LaunchScreen.storyboard */,
				D8CE92E71F59B2C100D2DAC1 /* Info.plist */,
			);
			name = Resources;
			sourceTree = "<group>";
		};
		D8CE92EE1F59B2DE00D2DAC1 /* UI */ = {
			isa = PBXGroup;
			children = (
				D8CE92DF1F59B2C100D2DAC1 /* Main.storyboard */,
				D8CE92F11F59B36B00D2DAC1 /* MainTableViewController.swift */,
			);
			name = UI;
			sourceTree = "<group>";
		};
/* End PBXGroup section */

/* Begin PBXNativeTarget section */
		D8CE92D71F59B2C100D2DAC1 /* PairRandomizer */ = {
			isa = PBXNativeTarget;
			buildConfigurationList = D8CE92EA1F59B2C100D2DAC1 /* Build configuration list for PBXNativeTarget "PairRandomizer" */;
			buildPhases = (
				D8CE92D41F59B2C100D2DAC1 /* Sources */,
				D8CE92D51F59B2C100D2DAC1 /* Frameworks */,
				D8CE92D61F59B2C100D2DAC1 /* Resources */,
			);
			buildRules = (
			);
			dependencies = (
			);
			name = PairRandomizer;
			productName = PairRandomizer;
			productReference = D8CE92D81F59B2C100D2DAC1 /* PairRandomizer.app */;
			productType = "com.apple.product-type.application";
		};
/* End PBXNativeTarget section */

/* Begin PBXProject section */
		D8CE92D01F59B2C100D2DAC1 /* Project object */ = {
			isa = PBXProject;
			attributes = {
				LastSwiftUpdateCheck = 0830;
				LastUpgradeCheck = 0830;
				ORGANIZATIONNAME = "Joe Lucero";
				TargetAttributes = {
					D8CE92D71F59B2C100D2DAC1 = {
						CreatedOnToolsVersion = 8.3.3;
						DevelopmentTeam = 53BVAZ8K9G;
						ProvisioningStyle = Automatic;
					};
				};
			};
			buildConfigurationList = D8CE92D31F59B2C100D2DAC1 /* Build configuration list for PBXProject "PairRandomizer" */;
			compatibilityVersion = "Xcode 3.2";
			developmentRegion = English;
			hasScannedForEncodings = 0;
			knownRegions = (
				en,
				Base,
			);
			mainGroup = D8CE92CF1F59B2C100D2DAC1;
			productRefGroup = D8CE92D91F59B2C100D2DAC1 /* Products */;
			projectDirPath = "";
			projectRoot = "";
			targets = (
				D8CE92D71F59B2C100D2DAC1 /* PairRandomizer */,
			);
		};
/* End PBXProject section */

/* Begin PBXResourcesBuildPhase section */
		D8CE92D61F59B2C100D2DAC1 /* Resources */ = {
			isa = PBXResourcesBuildPhase;
			buildActionMask = 2147483647;
			files = (
				D8CE92E61F59B2C100D2DAC1 /* LaunchScreen.storyboard in Resources */,
				D8CE92E31F59B2C100D2DAC1 /* Assets.xcassets in Resources */,
				D8CE92E11F59B2C100D2DAC1 /* Main.storyboard in Resources */,
			);
			runOnlyForDeploymentPostprocessing = 0;
		};
/* End PBXResourcesBuildPhase section */

/* Begin PBXSourcesBuildPhase section */
		D8CE92D41F59B2C100D2DAC1 /* Sources */ = {
			isa = PBXSourcesBuildPhase;
			buildActionMask = 2147483647;
			files = (
				D8CE92F21F59B36B00D2DAC1 /* MainTableViewController.swift in Sources */,
				D8CE92F41F59B78D00D2DAC1 /* ItemController.swift in Sources */,
				D8CE92DC1F59B2C100D2DAC1 /* AppDelegate.swift in Sources */,
			);
			runOnlyForDeploymentPostprocessing = 0;
		};
/* End PBXSourcesBuildPhase section */

/* Begin PBXVariantGroup section */
		D8CE92DF1F59B2C100D2DAC1 /* Main.storyboard */ = {
			isa = PBXVariantGroup;
			children = (
				D8CE92E01F59B2C100D2DAC1 /* Base */,
			);
			name = Main.storyboard;
			sourceTree = "<group>";
		};
		D8CE92E41F59B2C100D2DAC1 /* LaunchScreen.storyboard */ = {
			isa = PBXVariantGroup;
			children = (
				D8CE92E51F59B2C100D2DAC1 /* Base */,
			);
			name = LaunchScreen.storyboard;
			sourceTree = "<group>";
		};
/* End PBXVariantGroup section */

/* Begin XCBuildConfiguration section */
		D8CE92E81F59B2C100D2DAC1 /* Debug */ = {
			isa = XCBuildConfiguration;
			buildSettings = {
				ALWAYS_SEARCH_USER_PATHS = NO;
				CLANG_ANALYZER_NONNULL = YES;
				CLANG_ANALYZER_NUMBER_OBJECT_CONVERSION = YES_AGGRESSIVE;
				CLANG_CXX_LANGUAGE_STANDARD = "gnu++0x";
				CLANG_CXX_LIBRARY = "libc++";
				CLANG_ENABLE_MODULES = YES;
				CLANG_ENABLE_OBJC_ARC = YES;
				CLANG_WARN_BOOL_CONVERSION = YES;
				CLANG_WARN_CONSTANT_CONVERSION = YES;
				CLANG_WARN_DIRECT_OBJC_ISA_USAGE = YES_ERROR;
				CLANG_WARN_DOCUMENTATION_COMMENTS = YES;
				CLANG_WARN_EMPTY_BODY = YES;
				CLANG_WARN_ENUM_CONVERSION = YES;
				CLANG_WARN_INFINITE_RECURSION = YES;
				CLANG_WARN_INT_CONVERSION = YES;
				CLANG_WARN_OBJC_ROOT_CLASS = YES_ERROR;
				CLANG_WARN_SUSPICIOUS_MOVE = YES;
				CLANG_WARN_UNREACHABLE_CODE = YES;
				CLANG_WARN__DUPLICATE_METHOD_MATCH = YES;
				"CODE_SIGN_IDENTITY[sdk=iphoneos*]" = "iPhone Developer";
				COPY_PHASE_STRIP = NO;
				DEBUG_INFORMATION_FORMAT = dwarf;
				ENABLE_STRICT_OBJC_MSGSEND = YES;
				ENABLE_TESTABILITY = YES;
				GCC_C_LANGUAGE_STANDARD = gnu99;
				GCC_DYNAMIC_NO_PIC = NO;
				GCC_NO_COMMON_BLOCKS = YES;
				GCC_OPTIMIZATION_LEVEL = 0;
				GCC_PREPROCESSOR_DEFINITIONS = (
					"DEBUG=1",
					"$(inherited)",
				);
				GCC_WARN_64_TO_32_BIT_CONVERSION = YES;
				GCC_WARN_ABOUT_RETURN_TYPE = YES_ERROR;
				GCC_WARN_UNDECLARED_SELECTOR = YES;
				GCC_WARN_UNINITIALIZED_AUTOS = YES_AGGRESSIVE;
				GCC_WARN_UNUSED_FUNCTION = YES;
				GCC_WARN_UNUSED_VARIABLE = YES;
				IPHONEOS_DEPLOYMENT_TARGET = 10.3;
				MTL_ENABLE_DEBUG_INFO = YES;
				ONLY_ACTIVE_ARCH = YES;
				SDKROOT = iphoneos;
				SWIFT_ACTIVE_COMPILATION_CONDITIONS = DEBUG;
				SWIFT_OPTIMIZATION_LEVEL = "-Onone";
			};
			name = Debug;
		};
		D8CE92E91F59B2C100D2DAC1 /* Release */ = {
			isa = XCBuildConfiguration;
			buildSettings = {
				ALWAYS_SEARCH_USER_PATHS = NO;
				CLANG_ANALYZER_NONNULL = YES;
				CLANG_ANALYZER_NUMBER_OBJECT_CONVERSION = YES_AGGRESSIVE;
				CLANG_CXX_LANGUAGE_STANDARD = "gnu++0x";
				CLANG_CXX_LIBRARY = "libc++";
				CLANG_ENABLE_MODULES = YES;
				CLANG_ENABLE_OBJC_ARC = YES;
				CLANG_WARN_BOOL_CONVERSION = YES;
				CLANG_WARN_CONSTANT_CONVERSION = YES;
				CLANG_WARN_DIRECT_OBJC_ISA_USAGE = YES_ERROR;
				CLANG_WARN_DOCUMENTATION_COMMENTS = YES;
				CLANG_WARN_EMPTY_BODY = YES;
				CLANG_WARN_ENUM_CONVERSION = YES;
				CLANG_WARN_INFINITE_RECURSION = YES;
				CLANG_WARN_INT_CONVERSION = YES;
				CLANG_WARN_OBJC_ROOT_CLASS = YES_ERROR;
				CLANG_WARN_SUSPICIOUS_MOVE = YES;
				CLANG_WARN_UNREACHABLE_CODE = YES;
				CLANG_WARN__DUPLICATE_METHOD_MATCH = YES;
				"CODE_SIGN_IDENTITY[sdk=iphoneos*]" = "iPhone Developer";
				COPY_PHASE_STRIP = NO;
				DEBUG_INFORMATION_FORMAT = "dwarf-with-dsym";
				ENABLE_NS_ASSERTIONS = NO;
				ENABLE_STRICT_OBJC_MSGSEND = YES;
				GCC_C_LANGUAGE_STANDARD = gnu99;
				GCC_NO_COMMON_BLOCKS = YES;
				GCC_WARN_64_TO_32_BIT_CONVERSION = YES;
				GCC_WARN_ABOUT_RETURN_TYPE = YES_ERROR;
				GCC_WARN_UNDECLARED_SELECTOR = YES;
				GCC_WARN_UNINITIALIZED_AUTOS = YES_AGGRESSIVE;
				GCC_WARN_UNUSED_FUNCTION = YES;
				GCC_WARN_UNUSED_VARIABLE = YES;
				IPHONEOS_DEPLOYMENT_TARGET = 10.3;
				MTL_ENABLE_DEBUG_INFO = NO;
				SDKROOT = iphoneos;
				SWIFT_OPTIMIZATION_LEVEL = "-Owholemodule";
				VALIDATE_PRODUCT = YES;
			};
			name = Release;
		};
		D8CE92EB1F59B2C100D2DAC1 /* Debug */ = {
			isa = XCBuildConfiguration;
			buildSettings = {
				ASSETCATALOG_COMPILER_APPICON_NAME = AppIcon;
				DEVELOPMENT_TEAM = 53BVAZ8K9G;
				INFOPLIST_FILE = PairRandomizer/Info.plist;
				LD_RUNPATH_SEARCH_PATHS = "$(inherited) @executable_path/Frameworks";
				PRODUCT_BUNDLE_IDENTIFIER = com.iOSDevelopr.PairRandomizer;
				PRODUCT_NAME = "$(TARGET_NAME)";
				SWIFT_VERSION = 3.0;
			};
			name = Debug;
		};
		D8CE92EC1F59B2C100D2DAC1 /* Release */ = {
			isa = XCBuildConfiguration;
			buildSettings = {
				ASSETCATALOG_COMPILER_APPICON_NAME = AppIcon;
				DEVELOPMENT_TEAM = 53BVAZ8K9G;
				INFOPLIST_FILE = PairRandomizer/Info.plist;
				LD_RUNPATH_SEARCH_PATHS = "$(inherited) @executable_path/Frameworks";
				PRODUCT_BUNDLE_IDENTIFIER = com.iOSDevelopr.PairRandomizer;
				PRODUCT_NAME = "$(TARGET_NAME)";
				SWIFT_VERSION = 3.0;
			};
			name = Release;
		};
/* End XCBuildConfiguration section */

/* Begin XCConfigurationList section */
		D8CE92D31F59B2C100D2DAC1 /* Build configuration list for PBXProject "PairRandomizer" */ = {
			isa = XCConfigurationList;
			buildConfigurations = (
				D8CE92E81F59B2C100D2DAC1 /* Debug */,
				D8CE92E91F59B2C100D2DAC1 /* Release */,
			);
			defaultConfigurationIsVisible = 0;
			defaultConfigurationName = Release;
		};
		D8CE92EA1F59B2C100D2DAC1 /* Build configuration list for PBXNativeTarget "PairRandomizer" */ = {
			isa = XCConfigurationList;
			buildConfigurations = (
				D8CE92EB1F59B2C100D2DAC1 /* Debug */,
				D8CE92EC1F59B2C100D2DAC1 /* Release */,
			);
			defaultConfigurationIsVisible = 0;
		};
/* End XCConfigurationList section */
	};
	rootObject = D8CE92D01F59B2C100D2DAC1 /* Project object */;
}
